
Microsoft Visual Studio Solution File, Format Version 12.00
# Visual Studio Version 16
VisualStudioVersion = 16.0.32002.261
MinimumVisualStudioVersion = 10.0.40219.1
Project("{2150E333-8FDC-42A3-9474-1A3956D46DE8}") = "1.Presentation", "1.Presentation", "{74FA3A4B-F93A-48DF-BA6D-6B3B62BB1EF7}"
EndProject
Project("{2150E333-8FDC-42A3-9474-1A3956D46DE8}") = "2.Application", "2.Application", "{3271C4CC-88D8-4916-9100-C750EADDB3EE}"
EndProject
Project("{2150E333-8FDC-42A3-9474-1A3956D46DE8}") = "3.Domain", "3.Domain", "{D576111D-8275-4EC7-B3AB-F32EDEA4955D}"
EndProject
Project("{2150E333-8FDC-42A3-9474-1A3956D46DE8}") = "4.Infra", "4.Infra", "{4EBE6FE3-C4EB-47A2-B9F0-0D09BCF508FE}"
EndProject
Project("{9A19103F-16F7-4668-BE54-9A1E7A4F7556}") = "Cooperchip.ITDeveloper.Mvc", "src\Cooperchip.ITDeveloper.Mvc\Cooperchip.ITDeveloper.Mvc.csproj", "{1705EF6E-C62A-4C27-8BFB-CEC3CBE3EC62}"
EndProject
Project("{9A19103F-16F7-4668-BE54-9A1E7A4F7556}") = "Cooperchip.ITDeveloper.Domain", "src\Cooperchip.ITDeveloper.Domain\Cooperchip.ITDeveloper.Domain.csproj", "{8A687A84-66C2-4C6A-BCD0-20C8B8E5DABE}"
EndProject
Project("{2150E333-8FDC-42A3-9474-1A3956D46DE8}") = "4.1.Data", "4.1.Data", "{8E741CD7-302E-42A7-9230-E6FB647F05CC}"
EndProject
Project("{9A19103F-16F7-4668-BE54-9A1E7A4F7556}") = "Cooperchip.ITDeveloper.Data", "src\Cooperchip.ITDeveloper.Data\Cooperchip.ITDeveloper.Data.csproj", "{A40CE4DE-16B3-4B1C-8736-CB041CB877A2}"
EndProject
Project("{9A19103F-16F7-4668-BE54-9A1E7A4F7556}") = "Cooperchip.ITDeveloper.DomainCore", "src\Cooperchip.ITDeveloper.DomainCore\Cooperchip.ITDeveloper.DomainCore.csproj", "{C01CF688-F5AF-413E-B910-36628063AF51}"
EndProject
Project("{2150E333-8FDC-42A3-9474-1A3956D46DE8}") = "5.Console", "5.Console", "{C9C1F861-D38F-4C37-BAE7-9D0F98EFBEA4}"
EndProject
Project("{9A19103F-16F7-4668-BE54-9A1E7A4F7556}") = "Cooperchip.ITDeveloper.ConsoleApp", "src\Cooperchip.ITDeveloper.ConsoleApp\Cooperchip.ITDeveloper.ConsoleApp.csproj", "{24B488E7-C53A-4B6E-9AC7-84ACF0FEAD85}"
EndProject
Project("{9A19103F-16F7-4668-BE54-9A1E7A4F7556}") = "Cooperchip.ITDeveloper.Application", "src\Cooperchip.ITDeveloper.Application\Cooperchip.ITDeveloper.Application.csproj", "{800E90CF-64DA-43DB-A18D-5FBB21B0DA63}"
EndProject
Project("{2150E333-8FDC-42A3-9474-1A3956D46DE8}") = "4.2.CrossCutting", "4.2.CrossCutting", "{C880D01C-4594-4D0F-B7D0-36F07A41235B}"
EndProject
Project("{9A19103F-16F7-4668-BE54-9A1E7A4F7556}") = "Cooperchip.ITDeveloper.CrossCutting", "src\Cooperchip.ITDeveloper.CrossCutting\Cooperchip.ITDeveloper.CrossCutting.csproj", "{1D6D4D65-D635-4B02-A6D9-D5F5CC1F0AB5}"
EndProject
Global
	GlobalSection(SolutionConfigurationPlatforms) = preSolution
		Debug|Any CPU = Debug|Any CPU
		Release|Any CPU = Release|Any CPU
	EndGlobalSection
	GlobalSection(ProjectConfigurationPlatforms) = postSolution
		{1705EF6E-C62A-4C27-8BFB-CEC3CBE3EC62}.Debug|Any CPU.ActiveCfg = Debug|Any CPU
		{1705EF6E-C62A-4C27-8BFB-CEC3CBE3EC62}.Debug|Any CPU.Build.0 = Debug|Any CPU
		{1705EF6E-C62A-4C27-8BFB-CEC3CBE3EC62}.Release|Any CPU.ActiveCfg = Release|Any CPU
		{1705EF6E-C62A-4C27-8BFB-CEC3CBE3EC62}.Release|Any CPU.Build.0 = Release|Any CPU
		{8A687A84-66C2-4C6A-BCD0-20C8B8E5DABE}.Debug|Any CPU.ActiveCfg = Debug|Any CPU
		{8A687A84-66C2-4C6A-BCD0-20C8B8E5DABE}.Debug|Any CPU.Build.0 = Debug|Any CPU
		{8A687A84-66C2-4C6A-BCD0-20C8B8E5DABE}.Release|Any CPU.ActiveCfg = Release|Any CPU
		{8A687A84-66C2-4C6A-BCD0-20C8B8E5DABE}.Release|Any CPU.Build.0 = Release|Any CPU
		{A40CE4DE-16B3-4B1C-8736-CB041CB877A2}.Debug|Any CPU.ActiveCfg = Debug|Any CPU
		{A40CE4DE-16B3-4B1C-8736-CB041CB877A2}.Debug|Any CPU.Build.0 = Debug|Any CPU
		{A40CE4DE-16B3-4B1C-8736-CB041CB877A2}.Release|Any CPU.ActiveCfg = Release|Any CPU
		{A40CE4DE-16B3-4B1C-8736-CB041CB877A2}.Release|Any CPU.Build.0 = Release|Any CPU
		{C01CF688-F5AF-413E-B910-36628063AF51}.Debug|Any CPU.ActiveCfg = Debug|Any CPU
		{C01CF688-F5AF-413E-B910-36628063AF51}.Debug|Any CPU.Build.0 = Debug|Any CPU
		{C01CF688-F5AF-413E-B910-36628063AF51}.Release|Any CPU.ActiveCfg = Release|Any CPU
		{C01CF688-F5AF-413E-B910-36628063AF51}.Release|Any CPU.Build.0 = Release|Any CPU
		{24B488E7-C53A-4B6E-9AC7-84ACF0FEAD85}.Debug|Any CPU.ActiveCfg = Debug|Any CPU
		{24B488E7-C53A-4B6E-9AC7-84ACF0FEAD85}.Debug|Any CPU.Build.0 = Debug|Any CPU
		{24B488E7-C53A-4B6E-9AC7-84ACF0FEAD85}.Release|Any CPU.ActiveCfg = Release|Any CPU
		{24B488E7-C53A-4B6E-9AC7-84ACF0FEAD85}.Release|Any CPU.Build.0 = Release|Any CPU
		{800E90CF-64DA-43DB-A18D-5FBB21B0DA63}.Debug|Any CPU.ActiveCfg = Debug|Any CPU
		{800E90CF-64DA-43DB-A18D-5FBB21B0DA63}.Debug|Any CPU.Build.0 = Debug|Any CPU
		{800E90CF-64DA-43DB-A18D-5FBB21B0DA63}.Release|Any CPU.ActiveCfg = Release|Any CPU
		{800E90CF-64DA-43DB-A18D-5FBB21B0DA63}.Release|Any CPU.Build.0 = Release|Any CPU
		{1D6D4D65-D635-4B02-A6D9-D5F5CC1F0AB5}.Debug|Any CPU.ActiveCfg = Debug|Any CPU
		{1D6D4D65-D635-4B02-A6D9-D5F5CC1F0AB5}.Debug|Any CPU.Build.0 = Debug|Any CPU
		{1D6D4D65-D635-4B02-A6D9-D5F5CC1F0AB5}.Release|Any CPU.ActiveCfg = Release|Any CPU
		{1D6D4D65-D635-4B02-A6D9-D5F5CC1F0AB5}.Release|Any CPU.Build.0 = Release|Any CPU
	EndGlobalSection
	GlobalSection(SolutionProperties) = preSolution
		HideSolutionNode = FALSE
	EndGlobalSection
	GlobalSection(NestedProjects) = preSolution
		{1705EF6E-C62A-4C27-8BFB-CEC3CBE3EC62} = {74FA3A4B-F93A-48DF-BA6D-6B3B62BB1EF7}
		{8A687A84-66C2-4C6A-BCD0-20C8B8E5DABE} = {D576111D-8275-4EC7-B3AB-F32EDEA4955D}
		{8E741CD7-302E-42A7-9230-E6FB647F05CC} = {4EBE6FE3-C4EB-47A2-B9F0-0D09BCF508FE}
		{A40CE4DE-16B3-4B1C-8736-CB041CB877A2} = {8E741CD7-302E-42A7-9230-E6FB647F05CC}
		{C01CF688-F5AF-413E-B910-36628063AF51} = {D576111D-8275-4EC7-B3AB-F32EDEA4955D}
		{24B488E7-C53A-4B6E-9AC7-84ACF0FEAD85} = {C9C1F861-D38F-4C37-BAE7-9D0F98EFBEA4}
		{800E90CF-64DA-43DB-A18D-5FBB21B0DA63} = {3271C4CC-88D8-4916-9100-C750EADDB3EE}
		{C880D01C-4594-4D0F-B7D0-36F07A41235B} = {4EBE6FE3-C4EB-47A2-B9F0-0D09BCF508FE}
		{1D6D4D65-D635-4B02-A6D9-D5F5CC1F0AB5} = {C880D01C-4594-4D0F-B7D0-36F07A41235B}
	EndGlobalSection
	GlobalSection(ExtensibilityGlobals) = postSolution
		SolutionGuid = {FEF6244E-86A1-428F-B7CD-2504F8AB8574}
	EndGlobalSection
EndGlobal
